
Microsoft Visual Studio Solution File, Format Version 12.00
# Visual Studio 2013
VisualStudioVersion = 12.0.31101.0
MinimumVisualStudioVersion = 10.0.40219.1
Project("{FAE04EC0-301F-11D3-BF4B-00C04F79EFBC}") = "RestaurantMenu", "RestaurantMenu\RestaurantMenu.csproj", "{A6FBED24-5C1F-4BEF-BE4F-730F0262D5A1}"
EndProject
Global
	GlobalSection(SolutionConfigurationPlatforms) = preSolution
		Debug|Any CPU = Debug|Any CPU
		Release|Any CPU = Release|Any CPU
	EndGlobalSection
	GlobalSection(ProjectConfigurationPlatforms) = postSolution
		{A6FBED24-5C1F-4BEF-BE4F-730F0262D5A1}.Debug|Any CPU.ActiveCfg = Debug|Any CPU
		{A6FBED24-5C1F-4BEF-BE4F-730F0262D5A1}.Debug|Any CPU.Build.0 = Debug|Any CPU
		{A6FBED24-5C1F-4BEF-BE4F-730F0262D5A1}.Release|Any CPU.ActiveCfg = Release|Any CPU
		{A6FBED24-5C1F-4BEF-BE4F-730F0262D5A1}.Release|Any CPU.Build.0 = Release|Any CPU
	EndGlobalSection
	GlobalSection(SolutionProperties) = preSolution
		HideSolutionNode = FALSE
	EndGlobalSection
EndGlobal
